// !$*UTF8*$!
{
	archiveVersion = 1;
	classes = {
	};
	objectVersion = 52;
	objects = {

/* Begin PBXBuildFile section */
		300AE8E6270CE1D4007DC07B /* MoviePresenter.swift in Sources */ = {isa = PBXBuildFile; fileRef = 300AE8E5270CE1D4007DC07B /* MoviePresenter.swift */; };
		305A7BAB26B73D7900D8291D /* SelectedMovieImageTableViewCell.swift in Sources */ = {isa = PBXBuildFile; fileRef = 305A7BAA26B73D7900D8291D /* SelectedMovieImageTableViewCell.swift */; };
		306C58A92711D5D200AB0E77 /* Router.swift in Sources */ = {isa = PBXBuildFile; fileRef = 306C58A82711D5D200AB0E77 /* Router.swift */; };
		306C58AB2711D6D200AB0E77 /* Builder.swift in Sources */ = {isa = PBXBuildFile; fileRef = 306C58AA2711D6D200AB0E77 /* Builder.swift */; };
		307EB147270EEC9500E44945 /* Alamofire in Frameworks */ = {isa = PBXBuildFile; productRef = 307EB146270EEC9500E44945 /* Alamofire */; };
		3087E8CD26AF27B700F3BD09 /* AppDelegate.swift in Sources */ = {isa = PBXBuildFile; fileRef = 3087E8CC26AF27B700F3BD09 /* AppDelegate.swift */; };
		3087E8CF26AF27B700F3BD09 /* SceneDelegate.swift in Sources */ = {isa = PBXBuildFile; fileRef = 3087E8CE26AF27B700F3BD09 /* SceneDelegate.swift */; };
		3087E8D126AF27B700F3BD09 /* ListFilmViewController.swift in Sources */ = {isa = PBXBuildFile; fileRef = 3087E8D026AF27B700F3BD09 /* ListFilmViewController.swift */; };
		3087E8D626AF27B800F3BD09 /* Assets.xcassets in Resources */ = {isa = PBXBuildFile; fileRef = 3087E8D526AF27B800F3BD09 /* Assets.xcassets */; };
		3087E8D926AF27B800F3BD09 /* LaunchScreen.storyboard in Resources */ = {isa = PBXBuildFile; fileRef = 3087E8D726AF27B800F3BD09 /* LaunchScreen.storyboard */; };
		3098ED1E270E278B00B02987 /* MovieDetailPresenter.swift in Sources */ = {isa = PBXBuildFile; fileRef = 3098ED1D270E278B00B02987 /* MovieDetailPresenter.swift */; };
		3098ED22270E463F00B02987 /* NetworkServiceProtocol.swift in Sources */ = {isa = PBXBuildFile; fileRef = 3098ED21270E463F00B02987 /* NetworkServiceProtocol.swift */; };
		30A6CDF026B86EAA005B35D4 /* DetailFilmTableViewCell.swift in Sources */ = {isa = PBXBuildFile; fileRef = 30A6CDEF26B86EAA005B35D4 /* DetailFilmTableViewCell.swift */; };
		30C9296B26B1CA92002A9145 /* Movie.swift in Sources */ = {isa = PBXBuildFile; fileRef = 30C9296A26B1CA92002A9145 /* Movie.swift */; };
		30C9296D26B1D978002A9145 /* ListFilmTableViewCell.swift in Sources */ = {isa = PBXBuildFile; fileRef = 30C9296C26B1D978002A9145 /* ListFilmTableViewCell.swift */; };
		30C99CCB271211C1003502E8 /* MoviesDZTests.swift in Sources */ = {isa = PBXBuildFile; fileRef = 30C99CCA271211C1003502E8 /* MoviesDZTests.swift */; };
		30CFFE0D26B5AE36001F8806 /* Results.swift in Sources */ = {isa = PBXBuildFile; fileRef = 30CFFE0C26B5AE36001F8806 /* Results.swift */; };
		30D7ADAD26B677F00002E3EB /* DetailFilmViewController.swift in Sources */ = {isa = PBXBuildFile; fileRef = 30D7ADAC26B677F00002E3EB /* DetailFilmViewController.swift */; };
		30DA9B442712FC7000F797B3 /* DataStorageService.swift in Sources */ = {isa = PBXBuildFile; fileRef = 30DA9B432712FC7000F797B3 /* DataStorageService.swift */; };
		30DA9B472713013900F797B3 /* Repository.swift in Sources */ = {isa = PBXBuildFile; fileRef = 30DA9B462713013900F797B3 /* Repository.swift */; };
		30DA9B522713231300F797B3 /* CoreDataService.swift in Sources */ = {isa = PBXBuildFile; fileRef = 30DA9B512713231300F797B3 /* CoreDataService.swift */; };
		30DA9B56271342AF00F797B3 /* CoreDataMovies.swift in Sources */ = {isa = PBXBuildFile; fileRef = 30DA9B55271342AF00F797B3 /* CoreDataMovies.swift */; };
		30DA9B592713498400F797B3 /* MovieModel.xcdatamodeld in Sources */ = {isa = PBXBuildFile; fileRef = 30DA9B572713498400F797B3 /* MovieModel.xcdatamodeld */; };
		30DA9B612713594600F797B3 /* CoreMovieObject.swift in Sources */ = {isa = PBXBuildFile; fileRef = 30DA9B602713594600F797B3 /* CoreMovieObject.swift */; };
		30DA9B63271361A600F797B3 /* CoreDescriptionObject.swift in Sources */ = {isa = PBXBuildFile; fileRef = 30DA9B62271361A600F797B3 /* CoreDescriptionObject.swift */; };
		30F669F627142C2100F268DD /* MoviesDZUITests.swift in Sources */ = {isa = PBXBuildFile; fileRef = 30F669F527142C2100F268DD /* MoviesDZUITests.swift */; };
		30F669F827142C2100F268DD /* MoviesDZUITestsLaunchTests.swift in Sources */ = {isa = PBXBuildFile; fileRef = 30F669F727142C2100F268DD /* MoviesDZUITestsLaunchTests.swift */; };
/* End PBXBuildFile section */

/* Begin PBXContainerItemProxy section */
		30C99CCC271211C1003502E8 /* PBXContainerItemProxy */ = {
			isa = PBXContainerItemProxy;
			containerPortal = 3087E8C126AF27B700F3BD09 /* Project object */;
			proxyType = 1;
			remoteGlobalIDString = 3087E8C826AF27B700F3BD09;
			remoteInfo = MoviesDZ;
		};
		30F669F927142C2100F268DD /* PBXContainerItemProxy */ = {
			isa = PBXContainerItemProxy;
			containerPortal = 3087E8C126AF27B700F3BD09 /* Project object */;
			proxyType = 1;
			remoteGlobalIDString = 3087E8C826AF27B700F3BD09;
			remoteInfo = MoviesDZ;
		};
/* End PBXContainerItemProxy section */

/* Begin PBXFileReference section */
		300AE8E5270CE1D4007DC07B /* MoviePresenter.swift */ = {isa = PBXFileReference; lastKnownFileType = sourcecode.swift; path = MoviePresenter.swift; sourceTree = "<group>"; };
		305A7BAA26B73D7900D8291D /* SelectedMovieImageTableViewCell.swift */ = {isa = PBXFileReference; lastKnownFileType = sourcecode.swift; path = SelectedMovieImageTableViewCell.swift; sourceTree = "<group>"; };
		306C58A82711D5D200AB0E77 /* Router.swift */ = {isa = PBXFileReference; lastKnownFileType = sourcecode.swift; path = Router.swift; sourceTree = "<group>"; };
		306C58AA2711D6D200AB0E77 /* Builder.swift */ = {isa = PBXFileReference; lastKnownFileType = sourcecode.swift; path = Builder.swift; sourceTree = "<group>"; };
		3087E8C926AF27B700F3BD09 /* MoviesDZ.app */ = {isa = PBXFileReference; explicitFileType = wrapper.application; includeInIndex = 0; path = MoviesDZ.app; sourceTree = BUILT_PRODUCTS_DIR; };
		3087E8CC26AF27B700F3BD09 /* AppDelegate.swift */ = {isa = PBXFileReference; lastKnownFileType = sourcecode.swift; path = AppDelegate.swift; sourceTree = "<group>"; };
		3087E8CE26AF27B700F3BD09 /* SceneDelegate.swift */ = {isa = PBXFileReference; lastKnownFileType = sourcecode.swift; path = SceneDelegate.swift; sourceTree = "<group>"; };
		3087E8D026AF27B700F3BD09 /* ListFilmViewController.swift */ = {isa = PBXFileReference; lastKnownFileType = sourcecode.swift; path = ListFilmViewController.swift; sourceTree = "<group>"; };
		3087E8D526AF27B800F3BD09 /* Assets.xcassets */ = {isa = PBXFileReference; lastKnownFileType = folder.assetcatalog; path = Assets.xcassets; sourceTree = "<group>"; };
		3087E8D826AF27B800F3BD09 /* Base */ = {isa = PBXFileReference; lastKnownFileType = file.storyboard; name = Base; path = Base.lproj/LaunchScreen.storyboard; sourceTree = "<group>"; };
		3087E8DA26AF27B800F3BD09 /* Info.plist */ = {isa = PBXFileReference; lastKnownFileType = text.plist.xml; path = Info.plist; sourceTree = "<group>"; };
		3098ED1D270E278B00B02987 /* MovieDetailPresenter.swift */ = {isa = PBXFileReference; lastKnownFileType = sourcecode.swift; path = MovieDetailPresenter.swift; sourceTree = "<group>"; };
		3098ED21270E463F00B02987 /* NetworkServiceProtocol.swift */ = {isa = PBXFileReference; lastKnownFileType = sourcecode.swift; path = NetworkServiceProtocol.swift; sourceTree = "<group>"; };
		30A6CDEF26B86EAA005B35D4 /* DetailFilmTableViewCell.swift */ = {isa = PBXFileReference; lastKnownFileType = sourcecode.swift; path = DetailFilmTableViewCell.swift; sourceTree = "<group>"; };
		30C9296A26B1CA92002A9145 /* Movie.swift */ = {isa = PBXFileReference; lastKnownFileType = sourcecode.swift; path = Movie.swift; sourceTree = "<group>"; };
		30C9296C26B1D978002A9145 /* ListFilmTableViewCell.swift */ = {isa = PBXFileReference; lastKnownFileType = sourcecode.swift; path = ListFilmTableViewCell.swift; sourceTree = "<group>"; };
		30C99CC8271211C1003502E8 /* MoviesDZTests.xctest */ = {isa = PBXFileReference; explicitFileType = wrapper.cfbundle; includeInIndex = 0; path = MoviesDZTests.xctest; sourceTree = BUILT_PRODUCTS_DIR; };
		30C99CCA271211C1003502E8 /* MoviesDZTests.swift */ = {isa = PBXFileReference; lastKnownFileType = sourcecode.swift; path = MoviesDZTests.swift; sourceTree = "<group>"; };
		30CFFE0C26B5AE36001F8806 /* Results.swift */ = {isa = PBXFileReference; lastKnownFileType = sourcecode.swift; path = Results.swift; sourceTree = "<group>"; };
		30D7ADAC26B677F00002E3EB /* DetailFilmViewController.swift */ = {isa = PBXFileReference; lastKnownFileType = sourcecode.swift; path = DetailFilmViewController.swift; sourceTree = "<group>"; };
		30DA9B432712FC7000F797B3 /* DataStorageService.swift */ = {isa = PBXFileReference; lastKnownFileType = sourcecode.swift; path = DataStorageService.swift; sourceTree = "<group>"; };
		30DA9B462713013900F797B3 /* Repository.swift */ = {isa = PBXFileReference; lastKnownFileType = sourcecode.swift; path = Repository.swift; sourceTree = "<group>"; };
		30DA9B512713231300F797B3 /* CoreDataService.swift */ = {isa = PBXFileReference; lastKnownFileType = sourcecode.swift; path = CoreDataService.swift; sourceTree = "<group>"; };
		30DA9B55271342AF00F797B3 /* CoreDataMovies.swift */ = {isa = PBXFileReference; lastKnownFileType = sourcecode.swift; path = CoreDataMovies.swift; sourceTree = "<group>"; };
		30DA9B582713498400F797B3 /* MovieModel.xcdatamodel */ = {isa = PBXFileReference; lastKnownFileType = wrapper.xcdatamodel; path = MovieModel.xcdatamodel; sourceTree = "<group>"; };
		30DA9B602713594600F797B3 /* CoreMovieObject.swift */ = {isa = PBXFileReference; lastKnownFileType = sourcecode.swift; path = CoreMovieObject.swift; sourceTree = "<group>"; };
		30DA9B62271361A600F797B3 /* CoreDescriptionObject.swift */ = {isa = PBXFileReference; lastKnownFileType = sourcecode.swift; path = CoreDescriptionObject.swift; sourceTree = "<group>"; };
		30F669F327142C2100F268DD /* MoviesDZUITests.xctest */ = {isa = PBXFileReference; explicitFileType = wrapper.cfbundle; includeInIndex = 0; path = MoviesDZUITests.xctest; sourceTree = BUILT_PRODUCTS_DIR; };
		30F669F527142C2100F268DD /* MoviesDZUITests.swift */ = {isa = PBXFileReference; lastKnownFileType = sourcecode.swift; path = MoviesDZUITests.swift; sourceTree = "<group>"; };
		30F669F727142C2100F268DD /* MoviesDZUITestsLaunchTests.swift */ = {isa = PBXFileReference; lastKnownFileType = sourcecode.swift; path = MoviesDZUITestsLaunchTests.swift; sourceTree = "<group>"; };
/* End PBXFileReference section */

/* Begin PBXFrameworksBuildPhase section */
		3087E8C626AF27B700F3BD09 /* Frameworks */ = {
			isa = PBXFrameworksBuildPhase;
			buildActionMask = 2147483647;
			files = (
				307EB147270EEC9500E44945 /* Alamofire in Frameworks */,
			);
			runOnlyForDeploymentPostprocessing = 0;
		};
		30C99CC5271211C1003502E8 /* Frameworks */ = {
			isa = PBXFrameworksBuildPhase;
			buildActionMask = 2147483647;
			files = (
			);
			runOnlyForDeploymentPostprocessing = 0;
		};
		30F669F027142C2100F268DD /* Frameworks */ = {
			isa = PBXFrameworksBuildPhase;
			buildActionMask = 2147483647;
			files = (
			);
			runOnlyForDeploymentPostprocessing = 0;
		};
/* End PBXFrameworksBuildPhase section */

/* Begin PBXGroup section */
		300AE8E4270CE1A6007DC07B /* Presenter */ = {
			isa = PBXGroup;
			children = (
				3098ED1D270E278B00B02987 /* MovieDetailPresenter.swift */,
			);
			path = Presenter;
			sourceTree = "<group>";
		};
		3087E8C026AF27B700F3BD09 = {
			isa = PBXGroup;
			children = (
				3087E8CB26AF27B700F3BD09 /* MoviesDZ */,
				30F669F427142C2100F268DD /* MoviesDZUITests */,
			);
			sourceTree = "<group>";
		};
		3087E8CA26AF27B700F3BD09 /* Products */ = {
			isa = PBXGroup;
			children = (
				3087E8C926AF27B700F3BD09 /* MoviesDZ.app */,
				30C99CC8271211C1003502E8 /* MoviesDZTests.xctest */,
				30F669F327142C2100F268DD /* MoviesDZUITests.xctest */,
			);
			name = Products;
			path = ..;
			sourceTree = "<group>";
		};
		3087E8CB26AF27B700F3BD09 /* MoviesDZ */ = {
			isa = PBXGroup;
			children = (
				3087E8CC26AF27B700F3BD09 /* AppDelegate.swift */,
				3087E8CE26AF27B700F3BD09 /* SceneDelegate.swift */,
				306C58AA2711D6D200AB0E77 /* Builder.swift */,
				306C58A82711D5D200AB0E77 /* Router.swift */,
				3098ED18270E270900B02987 /* MovieModule */,
				3098ED19270E271A00B02987 /* MovieDetailModule */,
				3098ED20270E2A8F00B02987 /* ServiceLayer */,
				3087E8D526AF27B800F3BD09 /* Assets.xcassets */,
				30DA9B572713498400F797B3 /* MovieModel.xcdatamodeld */,
				30DA9B602713594600F797B3 /* CoreMovieObject.swift */,
				30DA9B62271361A600F797B3 /* CoreDescriptionObject.swift */,
				30C99CC9271211C1003502E8 /* MoviesDZTests */,
				3087E8CA26AF27B700F3BD09 /* Products */,
				3087E8D726AF27B800F3BD09 /* LaunchScreen.storyboard */,
				3087E8DA26AF27B800F3BD09 /* Info.plist */,
			);
			path = MoviesDZ;
			sourceTree = "<group>";
		};
		3098ED18270E270900B02987 /* MovieModule */ = {
			isa = PBXGroup;
			children = (
				3098ED1C270E276500B02987 /* Model */,
				3098ED1B270E275800B02987 /* View */,
				3098ED1A270E274F00B02987 /* Presenter */,
			);
			path = MovieModule;
			sourceTree = "<group>";
		};
		3098ED19270E271A00B02987 /* MovieDetailModule */ = {
			isa = PBXGroup;
			children = (
				30CFFE0E26B5AFA8001F8806 /* Model */,
				30A6CDF226B87ACD005B35D4 /* ViewControllers */,
				300AE8E4270CE1A6007DC07B /* Presenter */,
			);
			path = MovieDetailModule;
			sourceTree = "<group>";
		};
		3098ED1A270E274F00B02987 /* Presenter */ = {
			isa = PBXGroup;
			children = (
				300AE8E5270CE1D4007DC07B /* MoviePresenter.swift */,
			);
			path = Presenter;
			sourceTree = "<group>";
		};
		3098ED1B270E275800B02987 /* View */ = {
			isa = PBXGroup;
			children = (
				3087E8D026AF27B700F3BD09 /* ListFilmViewController.swift */,
				3098ED1F270E287A00B02987 /* CustomCell */,
			);
			path = View;
			sourceTree = "<group>";
		};
		3098ED1C270E276500B02987 /* Model */ = {
			isa = PBXGroup;
			children = (
				30CFFE0C26B5AE36001F8806 /* Results.swift */,
			);
			path = Model;
			sourceTree = "<group>";
		};
		3098ED1F270E287A00B02987 /* CustomCell */ = {
			isa = PBXGroup;
			children = (
				30C9296C26B1D978002A9145 /* ListFilmTableViewCell.swift */,
			);
			path = CustomCell;
			sourceTree = "<group>";
		};
		3098ED20270E2A8F00B02987 /* ServiceLayer */ = {
			isa = PBXGroup;
			children = (
				30DA9B5327132B0200F797B3 /* NetworkLayer */,
				30DA9B422712FC5200F797B3 /* DataStorageLayer */,
			);
			path = ServiceLayer;
			sourceTree = "<group>";
		};
		30A6CDF126B87AC0005B35D4 /* CustomCells */ = {
			isa = PBXGroup;
			children = (
				30A6CDEF26B86EAA005B35D4 /* DetailFilmTableViewCell.swift */,
				305A7BAA26B73D7900D8291D /* SelectedMovieImageTableViewCell.swift */,
			);
			path = CustomCells;
			sourceTree = "<group>";
		};
		30A6CDF226B87ACD005B35D4 /* ViewControllers */ = {
			isa = PBXGroup;
			children = (
				30D7ADAC26B677F00002E3EB /* DetailFilmViewController.swift */,
				30A6CDF126B87AC0005B35D4 /* CustomCells */,
			);
			path = ViewControllers;
			sourceTree = "<group>";
		};
		30C99CC9271211C1003502E8 /* MoviesDZTests */ = {
			isa = PBXGroup;
			children = (
				30C99CCA271211C1003502E8 /* MoviesDZTests.swift */,
			);
			path = MoviesDZTests;
			sourceTree = "<group>";
		};
		30CFFE0E26B5AFA8001F8806 /* Model */ = {
			isa = PBXGroup;
			children = (
				30C9296A26B1CA92002A9145 /* Movie.swift */,
			);
			path = Model;
			sourceTree = "<group>";
		};
		30DA9B422712FC5200F797B3 /* DataStorageLayer */ = {
			isa = PBXGroup;
			children = (
				30DA9B432712FC7000F797B3 /* DataStorageService.swift */,
				30DA9B462713013900F797B3 /* Repository.swift */,
				30DA9B542713428A00F797B3 /* CoreDataService */,
			);
			path = DataStorageLayer;
			sourceTree = "<group>";
		};
		30DA9B5327132B0200F797B3 /* NetworkLayer */ = {
			isa = PBXGroup;
			children = (
				3098ED21270E463F00B02987 /* NetworkServiceProtocol.swift */,
			);
			path = NetworkLayer;
			sourceTree = "<group>";
		};
		30DA9B542713428A00F797B3 /* CoreDataService */ = {
			isa = PBXGroup;
			children = (
				30DA9B512713231300F797B3 /* CoreDataService.swift */,
				30DA9B55271342AF00F797B3 /* CoreDataMovies.swift */,
			);
			path = CoreDataService;
			sourceTree = "<group>";
		};
		30F669F427142C2100F268DD /* MoviesDZUITests */ = {
			isa = PBXGroup;
			children = (
				30F669F527142C2100F268DD /* MoviesDZUITests.swift */,
				30F669F727142C2100F268DD /* MoviesDZUITestsLaunchTests.swift */,
			);
			path = MoviesDZUITests;
			sourceTree = "<group>";
		};
/* End PBXGroup section */

/* Begin PBXNativeTarget section */
		3087E8C826AF27B700F3BD09 /* MoviesDZ */ = {
			isa = PBXNativeTarget;
			buildConfigurationList = 3087E8DD26AF27B800F3BD09 /* Build configuration list for PBXNativeTarget "MoviesDZ" */;
			buildPhases = (
				3087E8C526AF27B700F3BD09 /* Sources */,
				3087E8C626AF27B700F3BD09 /* Frameworks */,
				3087E8C726AF27B700F3BD09 /* Resources */,
			);
			buildRules = (
			);
			dependencies = (
			);
			name = MoviesDZ;
			packageProductDependencies = (
				307EB146270EEC9500E44945 /* Alamofire */,
			);
			productName = MoviesDZ;
			productReference = 3087E8C926AF27B700F3BD09 /* MoviesDZ.app */;
			productType = "com.apple.product-type.application";
		};
		30C99CC7271211C1003502E8 /* MoviesDZTests */ = {
			isa = PBXNativeTarget;
			buildConfigurationList = 30C99CD0271211C1003502E8 /* Build configuration list for PBXNativeTarget "MoviesDZTests" */;
			buildPhases = (
				30C99CC4271211C1003502E8 /* Sources */,
				30C99CC5271211C1003502E8 /* Frameworks */,
				30C99CC6271211C1003502E8 /* Resources */,
			);
			buildRules = (
			);
			dependencies = (
				30C99CCD271211C1003502E8 /* PBXTargetDependency */,
			);
			name = MoviesDZTests;
			productName = MoviesDZTests;
			productReference = 30C99CC8271211C1003502E8 /* MoviesDZTests.xctest */;
			productType = "com.apple.product-type.bundle.unit-test";
		};
		30F669F227142C2100F268DD /* MoviesDZUITests */ = {
			isa = PBXNativeTarget;
			buildConfigurationList = 30F669FD27142C2100F268DD /* Build configuration list for PBXNativeTarget "MoviesDZUITests" */;
			buildPhases = (
				30F669EF27142C2100F268DD /* Sources */,
				30F669F027142C2100F268DD /* Frameworks */,
				30F669F127142C2100F268DD /* Resources */,
			);
			buildRules = (
			);
			dependencies = (
				30F669FA27142C2100F268DD /* PBXTargetDependency */,
			);
			name = MoviesDZUITests;
			productName = MoviesDZUITests;
			productReference = 30F669F327142C2100F268DD /* MoviesDZUITests.xctest */;
			productType = "com.apple.product-type.bundle.ui-testing";
		};
/* End PBXNativeTarget section */

/* Begin PBXProject section */
		3087E8C126AF27B700F3BD09 /* Project object */ = {
			isa = PBXProject;
			attributes = {
				LastSwiftUpdateCheck = 1300;
				LastUpgradeCheck = 1250;
				TargetAttributes = {
					3087E8C826AF27B700F3BD09 = {
						CreatedOnToolsVersion = 12.5.1;
					};
					30C99CC7271211C1003502E8 = {
						CreatedOnToolsVersion = 13.0;
						TestTargetID = 3087E8C826AF27B700F3BD09;
					};
					30F669F227142C2100F268DD = {
						CreatedOnToolsVersion = 13.0;
						TestTargetID = 3087E8C826AF27B700F3BD09;
					};
				};
			};
			buildConfigurationList = 3087E8C426AF27B700F3BD09 /* Build configuration list for PBXProject "MoviesDZ" */;
			compatibilityVersion = "Xcode 9.3";
			developmentRegion = en;
			hasScannedForEncodings = 0;
			knownRegions = (
				en,
				Base,
			);
			mainGroup = 3087E8C026AF27B700F3BD09;
			packageReferences = (
				307EB145270EEC9500E44945 /* XCRemoteSwiftPackageReference "Alamofire" */,
			);
			productRefGroup = 3087E8CA26AF27B700F3BD09 /* Products */;
			projectDirPath = "";
			projectRoot = "";
			targets = (
				3087E8C826AF27B700F3BD09 /* MoviesDZ */,
				30C99CC7271211C1003502E8 /* MoviesDZTests */,
				30F669F227142C2100F268DD /* MoviesDZUITests */,
			);
		};
/* End PBXProject section */

/* Begin PBXResourcesBuildPhase section */
		3087E8C726AF27B700F3BD09 /* Resources */ = {
			isa = PBXResourcesBuildPhase;
			buildActionMask = 2147483647;
			files = (
				3087E8D926AF27B800F3BD09 /* LaunchScreen.storyboard in Resources */,
				3087E8D626AF27B800F3BD09 /* Assets.xcassets in Resources */,
			);
			runOnlyForDeploymentPostprocessing = 0;
		};
		30C99CC6271211C1003502E8 /* Resources */ = {
			isa = PBXResourcesBuildPhase;
			buildActionMask = 2147483647;
			files = (
			);
			runOnlyForDeploymentPostprocessing = 0;
		};
		30F669F127142C2100F268DD /* Resources */ = {
			isa = PBXResourcesBuildPhase;
			buildActionMask = 2147483647;
			files = (
			);
			runOnlyForDeploymentPostprocessing = 0;
		};
/* End PBXResourcesBuildPhase section */

/* Begin PBXSourcesBuildPhase section */
		3087E8C526AF27B700F3BD09 /* Sources */ = {
			isa = PBXSourcesBuildPhase;
			buildActionMask = 2147483647;
			files = (
				3087E8D126AF27B700F3BD09 /* ListFilmViewController.swift in Sources */,
				30D7ADAD26B677F00002E3EB /* DetailFilmViewController.swift in Sources */,
				30A6CDF026B86EAA005B35D4 /* DetailFilmTableViewCell.swift in Sources */,
				300AE8E6270CE1D4007DC07B /* MoviePresenter.swift in Sources */,
				30DA9B56271342AF00F797B3 /* CoreDataMovies.swift in Sources */,
				30CFFE0D26B5AE36001F8806 /* Results.swift in Sources */,
				30DA9B442712FC7000F797B3 /* DataStorageService.swift in Sources */,
				3087E8CD26AF27B700F3BD09 /* AppDelegate.swift in Sources */,
				30C9296B26B1CA92002A9145 /* Movie.swift in Sources */,
				3098ED1E270E278B00B02987 /* MovieDetailPresenter.swift in Sources */,
				30C9296D26B1D978002A9145 /* ListFilmTableViewCell.swift in Sources */,
				30DA9B63271361A600F797B3 /* CoreDescriptionObject.swift in Sources */,
				306C58AB2711D6D200AB0E77 /* Builder.swift in Sources */,
				30DA9B472713013900F797B3 /* Repository.swift in Sources */,
				30DA9B592713498400F797B3 /* MovieModel.xcdatamodeld in Sources */,
				30DA9B522713231300F797B3 /* CoreDataService.swift in Sources */,
				3087E8CF26AF27B700F3BD09 /* SceneDelegate.swift in Sources */,
				3098ED22270E463F00B02987 /* NetworkServiceProtocol.swift in Sources */,
				305A7BAB26B73D7900D8291D /* SelectedMovieImageTableViewCell.swift in Sources */,
				306C58A92711D5D200AB0E77 /* Router.swift in Sources */,
				30DA9B612713594600F797B3 /* CoreMovieObject.swift in Sources */,
			);
			runOnlyForDeploymentPostprocessing = 0;
		};
		30C99CC4271211C1003502E8 /* Sources */ = {
			isa = PBXSourcesBuildPhase;
			buildActionMask = 2147483647;
			files = (
				30C99CCB271211C1003502E8 /* MoviesDZTests.swift in Sources */,
			);
			runOnlyForDeploymentPostprocessing = 0;
		};
		30F669EF27142C2100F268DD /* Sources */ = {
			isa = PBXSourcesBuildPhase;
			buildActionMask = 2147483647;
			files = (
				30F669F827142C2100F268DD /* MoviesDZUITestsLaunchTests.swift in Sources */,
				30F669F627142C2100F268DD /* MoviesDZUITests.swift in Sources */,
			);
			runOnlyForDeploymentPostprocessing = 0;
		};
/* End PBXSourcesBuildPhase section */

/* Begin PBXTargetDependency section */
		30C99CCD271211C1003502E8 /* PBXTargetDependency */ = {
			isa = PBXTargetDependency;
			target = 3087E8C826AF27B700F3BD09 /* MoviesDZ */;
			targetProxy = 30C99CCC271211C1003502E8 /* PBXContainerItemProxy */;
		};
		30F669FA27142C2100F268DD /* PBXTargetDependency */ = {
			isa = PBXTargetDependency;
			target = 3087E8C826AF27B700F3BD09 /* MoviesDZ */;
			targetProxy = 30F669F927142C2100F268DD /* PBXContainerItemProxy */;
		};
/* End PBXTargetDependency section */

/* Begin PBXVariantGroup section */
		3087E8D726AF27B800F3BD09 /* LaunchScreen.storyboard */ = {
			isa = PBXVariantGroup;
			children = (
				3087E8D826AF27B800F3BD09 /* Base */,
			);
			name = LaunchScreen.storyboard;
			sourceTree = "<group>";
		};
/* End PBXVariantGroup section */

/* Begin XCBuildConfiguration section */
		3087E8DB26AF27B800F3BD09 /* Debug */ = {
			isa = XCBuildConfiguration;
			buildSettings = {
				ALWAYS_SEARCH_USER_PATHS = NO;
				CLANG_ANALYZER_NONNULL = YES;
				CLANG_ANALYZER_NUMBER_OBJECT_CONVERSION = YES_AGGRESSIVE;
				CLANG_CXX_LANGUAGE_STANDARD = "gnu++14";
				CLANG_CXX_LIBRARY = "libc++";
				CLANG_ENABLE_MODULES = YES;
				CLANG_ENABLE_OBJC_ARC = YES;
				CLANG_ENABLE_OBJC_WEAK = YES;
				CLANG_WARN_BLOCK_CAPTURE_AUTORELEASING = YES;
				CLANG_WARN_BOOL_CONVERSION = YES;
				CLANG_WARN_COMMA = YES;
				CLANG_WARN_CONSTANT_CONVERSION = YES;
				CLANG_WARN_DEPRECATED_OBJC_IMPLEMENTATIONS = YES;
				CLANG_WARN_DIRECT_OBJC_ISA_USAGE = YES_ERROR;
				CLANG_WARN_DOCUMENTATION_COMMENTS = YES;
				CLANG_WARN_EMPTY_BODY = YES;
				CLANG_WARN_ENUM_CONVERSION = YES;
				CLANG_WARN_INFINITE_RECURSION = YES;
				CLANG_WARN_INT_CONVERSION = YES;
				CLANG_WARN_NON_LITERAL_NULL_CONVERSION = YES;
				CLANG_WARN_OBJC_IMPLICIT_RETAIN_SELF = YES;
				CLANG_WARN_OBJC_LITERAL_CONVERSION = YES;
				CLANG_WARN_OBJC_ROOT_CLASS = YES_ERROR;
				CLANG_WARN_QUOTED_INCLUDE_IN_FRAMEWORK_HEADER = YES;
				CLANG_WARN_RANGE_LOOP_ANALYSIS = YES;
				CLANG_WARN_STRICT_PROTOTYPES = YES;
				CLANG_WARN_SUSPICIOUS_MOVE = YES;
				CLANG_WARN_UNGUARDED_AVAILABILITY = YES_AGGRESSIVE;
				CLANG_WARN_UNREACHABLE_CODE = YES;
				CLANG_WARN__DUPLICATE_METHOD_MATCH = YES;
				COPY_PHASE_STRIP = NO;
				DEBUG_INFORMATION_FORMAT = dwarf;
				ENABLE_STRICT_OBJC_MSGSEND = YES;
				ENABLE_TESTABILITY = YES;
				GCC_C_LANGUAGE_STANDARD = gnu11;
				GCC_DYNAMIC_NO_PIC = NO;
				GCC_NO_COMMON_BLOCKS = YES;
				GCC_OPTIMIZATION_LEVEL = 0;
				GCC_PREPROCESSOR_DEFINITIONS = (
					"DEBUG=1",
					"$(inherited)",
				);
				GCC_WARN_64_TO_32_BIT_CONVERSION = YES;
				GCC_WARN_ABOUT_RETURN_TYPE = YES_ERROR;
				GCC_WARN_UNDECLARED_SELECTOR = YES;
				GCC_WARN_UNINITIALIZED_AUTOS = YES_AGGRESSIVE;
				GCC_WARN_UNUSED_FUNCTION = YES;
				GCC_WARN_UNUSED_VARIABLE = YES;
				IPHONEOS_DEPLOYMENT_TARGET = 14.5;
				MTL_ENABLE_DEBUG_INFO = INCLUDE_SOURCE;
				MTL_FAST_MATH = YES;
				ONLY_ACTIVE_ARCH = YES;
				SDKROOT = iphoneos;
				SWIFT_ACTIVE_COMPILATION_CONDITIONS = DEBUG;
				SWIFT_OPTIMIZATION_LEVEL = "-Onone";
			};
			name = Debug;
		};
		3087E8DC26AF27B800F3BD09 /* Release */ = {
			isa = XCBuildConfiguration;
			buildSettings = {
				ALWAYS_SEARCH_USER_PATHS = NO;
				CLANG_ANALYZER_NONNULL = YES;
				CLANG_ANALYZER_NUMBER_OBJECT_CONVERSION = YES_AGGRESSIVE;
				CLANG_CXX_LANGUAGE_STANDARD = "gnu++14";
				CLANG_CXX_LIBRARY = "libc++";
				CLANG_ENABLE_MODULES = YES;
				CLANG_ENABLE_OBJC_ARC = YES;
				CLANG_ENABLE_OBJC_WEAK = YES;
				CLANG_WARN_BLOCK_CAPTURE_AUTORELEASING = YES;
				CLANG_WARN_BOOL_CONVERSION = YES;
				CLANG_WARN_COMMA = YES;
				CLANG_WARN_CONSTANT_CONVERSION = YES;
				CLANG_WARN_DEPRECATED_OBJC_IMPLEMENTATIONS = YES;
				CLANG_WARN_DIRECT_OBJC_ISA_USAGE = YES_ERROR;
				CLANG_WARN_DOCUMENTATION_COMMENTS = YES;
				CLANG_WARN_EMPTY_BODY = YES;
				CLANG_WARN_ENUM_CONVERSION = YES;
				CLANG_WARN_INFINITE_RECURSION = YES;
				CLANG_WARN_INT_CONVERSION = YES;
				CLANG_WARN_NON_LITERAL_NULL_CONVERSION = YES;
				CLANG_WARN_OBJC_IMPLICIT_RETAIN_SELF = YES;
				CLANG_WARN_OBJC_LITERAL_CONVERSION = YES;
				CLANG_WARN_OBJC_ROOT_CLASS = YES_ERROR;
				CLANG_WARN_QUOTED_INCLUDE_IN_FRAMEWORK_HEADER = YES;
				CLANG_WARN_RANGE_LOOP_ANALYSIS = YES;
				CLANG_WARN_STRICT_PROTOTYPES = YES;
				CLANG_WARN_SUSPICIOUS_MOVE = YES;
				CLANG_WARN_UNGUARDED_AVAILABILITY = YES_AGGRESSIVE;
				CLANG_WARN_UNREACHABLE_CODE = YES;
				CLANG_WARN__DUPLICATE_METHOD_MATCH = YES;
				COPY_PHASE_STRIP = NO;
				DEBUG_INFORMATION_FORMAT = "dwarf-with-dsym";
				ENABLE_NS_ASSERTIONS = NO;
				ENABLE_STRICT_OBJC_MSGSEND = YES;
				GCC_C_LANGUAGE_STANDARD = gnu11;
				GCC_NO_COMMON_BLOCKS = YES;
				GCC_WARN_64_TO_32_BIT_CONVERSION = YES;
				GCC_WARN_ABOUT_RETURN_TYPE = YES_ERROR;
				GCC_WARN_UNDECLARED_SELECTOR = YES;
				GCC_WARN_UNINITIALIZED_AUTOS = YES_AGGRESSIVE;
				GCC_WARN_UNUSED_FUNCTION = YES;
				GCC_WARN_UNUSED_VARIABLE = YES;
				IPHONEOS_DEPLOYMENT_TARGET = 14.5;
				MTL_ENABLE_DEBUG_INFO = NO;
				MTL_FAST_MATH = YES;
				SDKROOT = iphoneos;
				SWIFT_COMPILATION_MODE = wholemodule;
				SWIFT_OPTIMIZATION_LEVEL = "-O";
				VALIDATE_PRODUCT = YES;
			};
			name = Release;
		};
		3087E8DE26AF27B800F3BD09 /* Debug */ = {
			isa = XCBuildConfiguration;
			buildSettings = {
				ASSETCATALOG_COMPILER_APPICON_NAME = AppIcon;
				ASSETCATALOG_COMPILER_GLOBAL_ACCENT_COLOR_NAME = AccentColor;
				CODE_SIGN_STYLE = Automatic;
				DEVELOPMENT_TEAM = 6GGU4BAHD6;
				INFOPLIST_FILE = MoviesDZ/Info.plist;
				LD_RUNPATH_SEARCH_PATHS = (
					"$(inherited)",
					"@executable_path/Frameworks",
				);
				PRODUCT_BUNDLE_IDENTIFIER = msx36.MoviesDZ;
				PRODUCT_NAME = "$(TARGET_NAME)";
				SWIFT_VERSION = 5.0;
				TARGETED_DEVICE_FAMILY = "1,2";
			};
			name = Debug;
		};
		3087E8DF26AF27B800F3BD09 /* Release */ = {
			isa = XCBuildConfiguration;
			buildSettings = {
				ASSETCATALOG_COMPILER_APPICON_NAME = AppIcon;
				ASSETCATALOG_COMPILER_GLOBAL_ACCENT_COLOR_NAME = AccentColor;
				CODE_SIGN_STYLE = Automatic;
				DEVELOPMENT_TEAM = 6GGU4BAHD6;
				INFOPLIST_FILE = MoviesDZ/Info.plist;
				LD_RUNPATH_SEARCH_PATHS = (
					"$(inherited)",
					"@executable_path/Frameworks",
				);
				PRODUCT_BUNDLE_IDENTIFIER = msx36.MoviesDZ;
				PRODUCT_NAME = "$(TARGET_NAME)";
				SWIFT_VERSION = 5.0;
				TARGETED_DEVICE_FAMILY = "1,2";
			};
			name = Release;
		};
		30C99CCE271211C1003502E8 /* Debug */ = {
			isa = XCBuildConfiguration;
			buildSettings = {
				BUNDLE_LOADER = "$(TEST_HOST)";
				CLANG_CXX_LANGUAGE_STANDARD = "gnu++17";
				CODE_SIGN_STYLE = Automatic;
				CURRENT_PROJECT_VERSION = 1;
				DEVELOPMENT_TEAM = 6GGU4BAHD6;
				GENERATE_INFOPLIST_FILE = YES;
				IPHONEOS_DEPLOYMENT_TARGET = 15.0;
				LD_RUNPATH_SEARCH_PATHS = (
					"$(inherited)",
					"@executable_path/Frameworks",
					"@loader_path/Frameworks",
				);
				MARKETING_VERSION = 1.0;
				PRODUCT_BUNDLE_IDENTIFIER = msx36.MoviesDZTests;
				PRODUCT_NAME = "$(TARGET_NAME)";
				SWIFT_EMIT_LOC_STRINGS = NO;
				SWIFT_VERSION = 5.0;
				TARGETED_DEVICE_FAMILY = "1,2";
				TEST_HOST = "$(BUILT_PRODUCTS_DIR)/MoviesDZ.app/MoviesDZ";
			};
			name = Debug;
		};
		30C99CCF271211C1003502E8 /* Release */ = {
			isa = XCBuildConfiguration;
			buildSettings = {
				BUNDLE_LOADER = "$(TEST_HOST)";
				CLANG_CXX_LANGUAGE_STANDARD = "gnu++17";
				CODE_SIGN_STYLE = Automatic;
				CURRENT_PROJECT_VERSION = 1;
				DEVELOPMENT_TEAM = 6GGU4BAHD6;
				GENERATE_INFOPLIST_FILE = YES;
				IPHONEOS_DEPLOYMENT_TARGET = 15.0;
				LD_RUNPATH_SEARCH_PATHS = (
					"$(inherited)",
					"@executable_path/Frameworks",
					"@loader_path/Frameworks",
				);
				MARKETING_VERSION = 1.0;
				PRODUCT_BUNDLE_IDENTIFIER = msx36.MoviesDZTests;
				PRODUCT_NAME = "$(TARGET_NAME)";
				SWIFT_EMIT_LOC_STRINGS = NO;
				SWIFT_VERSION = 5.0;
				TARGETED_DEVICE_FAMILY = "1,2";
				TEST_HOST = "$(BUILT_PRODUCTS_DIR)/MoviesDZ.app/MoviesDZ";
			};
			name = Release;
		};
		30F669FB27142C2100F268DD /* Debug */ = {
			isa = XCBuildConfiguration;
			buildSettings = {
				CLANG_CXX_LANGUAGE_STANDARD = "gnu++17";
				CODE_SIGN_STYLE = Automatic;
				CURRENT_PROJECT_VERSION = 1;
				DEVELOPMENT_TEAM = 6GGU4BAHD6;
				GENERATE_INFOPLIST_FILE = YES;
				IPHONEOS_DEPLOYMENT_TARGET = 15.0;
				LD_RUNPATH_SEARCH_PATHS = (
					"$(inherited)",
					"@executable_path/Frameworks",
					"@loader_path/Frameworks",
				);
				MARKETING_VERSION = 1.0;
				PRODUCT_BUNDLE_IDENTIFIER = msx36.MoviesDZUITests;
				PRODUCT_NAME = "$(TARGET_NAME)";
				SWIFT_EMIT_LOC_STRINGS = NO;
				SWIFT_VERSION = 5.0;
				TARGETED_DEVICE_FAMILY = "1,2";
				TEST_TARGET_NAME = MoviesDZ;
			};
			name = Debug;
		};
		30F669FC27142C2100F268DD /* Release */ = {
			isa = XCBuildConfiguration;
			buildSettings = {
				CLANG_CXX_LANGUAGE_STANDARD = "gnu++17";
				CODE_SIGN_STYLE = Automatic;
				CURRENT_PROJECT_VERSION = 1;
				DEVELOPMENT_TEAM = 6GGU4BAHD6;
				GENERATE_INFOPLIST_FILE = YES;
				IPHONEOS_DEPLOYMENT_TARGET = 15.0;
				LD_RUNPATH_SEARCH_PATHS = (
					"$(inherited)",
					"@executable_path/Frameworks",
					"@loader_path/Frameworks",
				);
				MARKETING_VERSION = 1.0;
				PRODUCT_BUNDLE_IDENTIFIER = msx36.MoviesDZUITests;
				PRODUCT_NAME = "$(TARGET_NAME)";
				SWIFT_EMIT_LOC_STRINGS = NO;
				SWIFT_VERSION = 5.0;
				TARGETED_DEVICE_FAMILY = "1,2";
				TEST_TARGET_NAME = MoviesDZ;
			};
			name = Release;
		};
/* End XCBuildConfiguration section */

/* Begin XCConfigurationList section */
		3087E8C426AF27B700F3BD09 /* Build configuration list for PBXProject "MoviesDZ" */ = {
			isa = XCConfigurationList;
			buildConfigurations = (
				3087E8DB26AF27B800F3BD09 /* Debug */,
				3087E8DC26AF27B800F3BD09 /* Release */,
			);
			defaultConfigurationIsVisible = 0;
			defaultConfigurationName = Release;
		};
		3087E8DD26AF27B800F3BD09 /* Build configuration list for PBXNativeTarget "MoviesDZ" */ = {
			isa = XCConfigurationList;
			buildConfigurations = (
				3087E8DE26AF27B800F3BD09 /* Debug */,
				3087E8DF26AF27B800F3BD09 /* Release */,
			);
			defaultConfigurationIsVisible = 0;
			defaultConfigurationName = Release;
		};
		30C99CD0271211C1003502E8 /* Build configuration list for PBXNativeTarget "MoviesDZTests" */ = {
			isa = XCConfigurationList;
			buildConfigurations = (
				30C99CCE271211C1003502E8 /* Debug */,
				30C99CCF271211C1003502E8 /* Release */,
			);
			defaultConfigurationIsVisible = 0;
			defaultConfigurationName = Release;
		};
		30F669FD27142C2100F268DD /* Build configuration list for PBXNativeTarget "MoviesDZUITests" */ = {
			isa = XCConfigurationList;
			buildConfigurations = (
				30F669FB27142C2100F268DD /* Debug */,
				30F669FC27142C2100F268DD /* Release */,
			);
			defaultConfigurationIsVisible = 0;
			defaultConfigurationName = Release;
		};
/* End XCConfigurationList section */

/* Begin XCRemoteSwiftPackageReference section */
		307EB145270EEC9500E44945 /* XCRemoteSwiftPackageReference "Alamofire" */ = {
			isa = XCRemoteSwiftPackageReference;
			repositoryURL = "https://github.com/Alamofire/Alamofire";
			requirement = {
				kind = upToNextMajorVersion;
				minimumVersion = 5.0.0;
			};
		};
/* End XCRemoteSwiftPackageReference section */

/* Begin XCSwiftPackageProductDependency section */
		307EB146270EEC9500E44945 /* Alamofire */ = {
			isa = XCSwiftPackageProductDependency;
			package = 307EB145270EEC9500E44945 /* XCRemoteSwiftPackageReference "Alamofire" */;
			productName = Alamofire;
		};
/* End XCSwiftPackageProductDependency section */

/* Begin XCVersionGroup section */
		30DA9B572713498400F797B3 /* MovieModel.xcdatamodeld */ = {
			isa = XCVersionGroup;
			children = (
				30DA9B582713498400F797B3 /* MovieModel.xcdatamodel */,
			);
			currentVersion = 30DA9B582713498400F797B3 /* MovieModel.xcdatamodel */;
			path = MovieModel.xcdatamodeld;
			sourceTree = "<group>";
			versionGroupType = wrapper.xcdatamodel;
		};
/* End XCVersionGroup section */
	};
	rootObject = 3087E8C126AF27B700F3BD09 /* Project object */;
}
